# This file is autogenerated, do not edit; changes may be undone by the next 'dep ensure'.


[[projects]]
  name = "github.com/jtacoma/uritemplates"
  packages = ["."]
  revision = "307ae868f90f4ee1b73ebe4596e0394237dacce8"
  version = "v1.0.0"

[solve-meta]
  analyzer-name = "dep"
  analyzer-version = 1
  inputs-digest = "b572b4ab15b3d17e0a58cd05117c7102e77b67db0a8f5968e6e12d679fa2c1a2"
  solver-name = "gps-cdcl"
  solver-version = 1
